
Microsoft Visual Studio Solution File, Format Version 12.00
Project("{FAE04EC0-301F-11D3-BF4B-00C04F79EFBC}") = "WEB_Lab_1", "WEB_Lab_1.csproj", "{EC79699E-4D5C-4AFC-BB84-08AE5C6F2A4F}"
EndProject
Global
	GlobalSection(SolutionConfigurationPlatforms) = preSolution
		Debug|Any CPU = Debug|Any CPU
		Release|Any CPU = Release|Any CPU
	EndGlobalSection
	GlobalSection(ProjectConfigurationPlatforms) = postSolution
		{EC79699E-4D5C-4AFC-BB84-08AE5C6F2A4F}.Debug|Any CPU.ActiveCfg = Debug|Any CPU
		{EC79699E-4D5C-4AFC-BB84-08AE5C6F2A4F}.Debug|Any CPU.Build.0 = Debug|Any CPU
		{EC79699E-4D5C-4AFC-BB84-08AE5C6F2A4F}.Release|Any CPU.ActiveCfg = Release|Any CPU
		{EC79699E-4D5C-4AFC-BB84-08AE5C6F2A4F}.Release|Any CPU.Build.0 = Release|Any CPU
	EndGlobalSection
EndGlobal
